{
  "name": "foaas",
  "version": "0.1.8",
  "dependencies": {
    "body-parser": {
      "version": "1.13.3",
      "from": "body-parser@latest",
      "resolved": "https://registry.npmjs.org/body-parser/-/body-parser-1.13.3.tgz",
      "dependencies": {
        "bytes": {
          "version": "2.1.0",
          "from": "bytes@2.1.0",
          "resolved": "https://registry.npmjs.org/bytes/-/bytes-2.1.0.tgz"
        },
        "content-type": {
          "version": "1.0.1",
          "from": "content-type@>=1.0.1 <1.1.0",
          "resolved": "https://registry.npmjs.org/content-type/-/content-type-1.0.1.tgz"
        },
        "debug": {
          "version": "2.2.0",
          "from": "debug@>=2.2.0 <2.3.0",
          "resolved": "https://registry.npmjs.org/debug/-/debug-2.2.0.tgz",
          "dependencies": {
            "ms": {
              "version": "0.7.1",
              "from": "ms@0.7.1",
              "resolved": "https://registry.npmjs.org/ms/-/ms-0.7.1.tgz"
            }
          }
        },
        "depd": {
          "version": "1.0.1",
          "from": "depd@>=1.0.1 <1.1.0",
          "resolved": "https://registry.npmjs.org/depd/-/depd-1.0.1.tgz"
        },
        "http-errors": {
          "version": "1.3.1",
          "from": "http-errors@>=1.3.1 <1.4.0",
          "resolved": "https://registry.npmjs.org/http-errors/-/http-errors-1.3.1.tgz",
          "dependencies": {
            "inherits": {
              "version": "2.0.1",
              "from": "inherits@>=2.0.1 <2.1.0",
              "resolved": "https://registry.npmjs.org/inherits/-/inherits-2.0.1.tgz"
            },
            "statuses": {
              "version": "1.2.1",
              "from": "statuses@>=1.0.0 <2.0.0",
              "resolved": "https://registry.npmjs.org/statuses/-/statuses-1.2.1.tgz"
            }
          }
        },
        "iconv-lite": {
          "version": "0.4.11",
          "from": "iconv-lite@0.4.11",
          "resolved": "https://registry.npmjs.org/iconv-lite/-/iconv-lite-0.4.11.tgz"
        },
        "on-finished": {
          "version": "2.3.0",
          "from": "on-finished@>=2.3.0 <2.4.0",
          "resolved": "https://registry.npmjs.org/on-finished/-/on-finished-2.3.0.tgz",
          "dependencies": {
            "ee-first": {
              "version": "1.1.1",
              "from": "ee-first@1.1.1",
              "resolved": "https://registry.npmjs.org/ee-first/-/ee-first-1.1.1.tgz"
            }
          }
        },
        "qs": {
          "version": "4.0.0",
          "from": "qs@>=4.0.0 <4.1.0",
          "resolved": "https://registry.npmjs.org/qs/-/qs-4.0.0.tgz"
        },
        "raw-body": {
          "version": "2.1.2",
          "from": "raw-body@>=2.1.2 <2.2.0",
          "resolved": "https://registry.npmjs.org/raw-body/-/raw-body-2.1.2.tgz",
          "dependencies": {
            "unpipe": {
              "version": "1.0.0",
              "from": "unpipe@>=1.0.0 <1.1.0",
              "resolved": "https://registry.npmjs.org/unpipe/-/unpipe-1.0.0.tgz"
            }
          }
        },
        "type-is": {
          "version": "1.6.7",
          "from": "type-is@>=1.6.6 <1.7.0",
          "resolved": "https://registry.npmjs.org/type-is/-/type-is-1.6.7.tgz",
          "dependencies": {
            "media-typer": {
              "version": "0.3.0",
              "from": "media-typer@0.3.0",
              "resolved": "https://registry.npmjs.org/media-typer/-/media-typer-0.3.0.tgz"
            },
            "mime-types": {
              "version": "2.1.5",
              "from": "mime-types@>=2.1.5 <2.2.0",
              "resolved": "https://registry.npmjs.org/mime-types/-/mime-types-2.1.5.tgz",
              "dependencies": {
                "mime-db": {
                  "version": "1.17.0",
                  "from": "mime-db@>=1.17.0 <1.18.0",
                  "resolved": "https://registry.npmjs.org/mime-db/-/mime-db-1.17.0.tgz"
                }
              }
            }
          }
        }
      }
    },
    "coffee-script": {
      "version": "1.9.3",
      "from": "coffee-script@latest",
      "resolved": "https://registry.npmjs.org/coffee-script/-/coffee-script-1.9.3.tgz"
    },
    "express": {
      "version": "4.13.3",
      "from": "express@latest",
      "resolved": "https://registry.npmjs.org/express/-/express-4.13.3.tgz",
      "dependencies": {
        "accepts": {
          "version": "1.2.12",
          "from": "accepts@>=1.2.12 <1.3.0",
          "resolved": "https://registry.npmjs.org/accepts/-/accepts-1.2.12.tgz",
          "dependencies": {
            "mime-types": {
              "version": "2.1.5",
              "from": "mime-types@>=2.1.4 <2.2.0",
              "resolved": "https://registry.npmjs.org/mime-types/-/mime-types-2.1.5.tgz",
              "dependencies": {
                "mime-db": {
                  "version": "1.17.0",
                  "from": "mime-db@>=1.17.0 <1.18.0",
                  "resolved": "https://registry.npmjs.org/mime-db/-/mime-db-1.17.0.tgz"
                }
              }
            },
            "negotiator": {
              "version": "0.5.3",
              "from": "negotiator@0.5.3",
              "resolved": "https://registry.npmjs.org/negotiator/-/negotiator-0.5.3.tgz"
            }
          }
        },
        "array-flatten": {
          "version": "1.1.1",
          "from": "array-flatten@1.1.1",
          "resolved": "https://registry.npmjs.org/array-flatten/-/array-flatten-1.1.1.tgz"
        },
        "content-disposition": {
          "version": "0.5.0",
          "from": "content-disposition@0.5.0",
          "resolved": "https://registry.npmjs.org/content-disposition/-/content-disposition-0.5.0.tgz"
        },
        "content-type": {
          "version": "1.0.1",
          "from": "content-type@>=1.0.1 <1.1.0",
          "resolved": "https://registry.npmjs.org/content-type/-/content-type-1.0.1.tgz"
        },
        "cookie": {
          "version": "0.1.3",
          "from": "cookie@0.1.3",
          "resolved": "https://registry.npmjs.org/cookie/-/cookie-0.1.3.tgz"
        },
        "cookie-signature": {
          "version": "1.0.6",
          "from": "cookie-signature@1.0.6",
          "resolved": "https://registry.npmjs.org/cookie-signature/-/cookie-signature-1.0.6.tgz"
        },
        "debug": {
          "version": "2.2.0",
          "from": "debug@>=2.2.0 <2.3.0",
          "resolved": "https://registry.npmjs.org/debug/-/debug-2.2.0.tgz",
          "dependencies": {
            "ms": {
              "version": "0.7.1",
              "from": "ms@0.7.1",
              "resolved": "https://registry.npmjs.org/ms/-/ms-0.7.1.tgz"
            }
          }
        },
        "depd": {
          "version": "1.0.1",
          "from": "depd@>=1.0.1 <1.1.0",
          "resolved": "https://registry.npmjs.org/depd/-/depd-1.0.1.tgz"
        },
        "escape-html": {
          "version": "1.0.2",
          "from": "escape-html@1.0.2",
          "resolved": "https://registry.npmjs.org/escape-html/-/escape-html-1.0.2.tgz"
        },
        "etag": {
          "version": "1.7.0",
          "from": "etag@>=1.7.0 <1.8.0",
          "resolved": "https://registry.npmjs.org/etag/-/etag-1.7.0.tgz"
        },
        "finalhandler": {
          "version": "0.4.0",
          "from": "finalhandler@0.4.0",
          "resolved": "https://registry.npmjs.org/finalhandler/-/finalhandler-0.4.0.tgz",
          "dependencies": {
            "unpipe": {
              "version": "1.0.0",
              "from": "unpipe@>=1.0.0 <1.1.0",
              "resolved": "https://registry.npmjs.org/unpipe/-/unpipe-1.0.0.tgz"
            }
          }
        },
        "fresh": {
          "version": "0.3.0",
          "from": "fresh@0.3.0",
          "resolved": "https://registry.npmjs.org/fresh/-/fresh-0.3.0.tgz"
        },
        "merge-descriptors": {
          "version": "1.0.0",
          "from": "merge-descriptors@1.0.0",
          "resolved": "https://registry.npmjs.org/merge-descriptors/-/merge-descriptors-1.0.0.tgz"
        },
        "methods": {
          "version": "1.1.1",
          "from": "methods@>=1.1.1 <1.2.0",
          "resolved": "https://registry.npmjs.org/methods/-/methods-1.1.1.tgz"
        },
        "on-finished": {
          "version": "2.3.0",
          "from": "on-finished@>=2.3.0 <2.4.0",
          "resolved": "https://registry.npmjs.org/on-finished/-/on-finished-2.3.0.tgz",
          "dependencies": {
            "ee-first": {
              "version": "1.1.1",
              "from": "ee-first@1.1.1",
              "resolved": "https://registry.npmjs.org/ee-first/-/ee-first-1.1.1.tgz"
            }
          }
        },
        "parseurl": {
          "version": "1.3.0",
          "from": "parseurl@>=1.3.0 <1.4.0",
          "resolved": "https://registry.npmjs.org/parseurl/-/parseurl-1.3.0.tgz"
        },
        "path-to-regexp": {
          "version": "0.1.7",
          "from": "path-to-regexp@0.1.7",
          "resolved": "https://registry.npmjs.org/path-to-regexp/-/path-to-regexp-0.1.7.tgz"
        },
        "proxy-addr": {
          "version": "1.0.8",
          "from": "proxy-addr@>=1.0.8 <1.1.0",
          "resolved": "https://registry.npmjs.org/proxy-addr/-/proxy-addr-1.0.8.tgz",
          "dependencies": {
            "forwarded": {
              "version": "0.1.0",
              "from": "forwarded@>=0.1.0 <0.2.0",
              "resolved": "https://registry.npmjs.org/forwarded/-/forwarded-0.1.0.tgz"
            },
            "ipaddr.js": {
              "version": "1.0.1",
              "from": "ipaddr.js@1.0.1",
              "resolved": "https://registry.npmjs.org/ipaddr.js/-/ipaddr.js-1.0.1.tgz"
            }
          }
        },
        "qs": {
          "version": "4.0.0",
          "from": "qs@>=4.0.0 <4.1.0",
          "resolved": "https://registry.npmjs.org/qs/-/qs-4.0.0.tgz"
        },
        "range-parser": {
          "version": "1.0.2",
          "from": "range-parser@>=1.0.2 <1.1.0",
          "resolved": "https://registry.npmjs.org/range-parser/-/range-parser-1.0.2.tgz"
        },
        "send": {
          "version": "0.13.0",
          "from": "send@0.13.0",
          "resolved": "https://registry.npmjs.org/send/-/send-0.13.0.tgz",
          "dependencies": {
            "destroy": {
              "version": "1.0.3",
              "from": "destroy@1.0.3",
              "resolved": "https://registry.npmjs.org/destroy/-/destroy-1.0.3.tgz"
            },
            "http-errors": {
              "version": "1.3.1",
              "from": "http-errors@>=1.3.1 <1.4.0",
              "resolved": "https://registry.npmjs.org/http-errors/-/http-errors-1.3.1.tgz",
              "dependencies": {
                "inherits": {
                  "version": "2.0.1",
                  "from": "inherits@>=2.0.1 <2.1.0",
                  "resolved": "https://registry.npmjs.org/inherits/-/inherits-2.0.1.tgz"
                }
              }
            },
            "mime": {
              "version": "1.3.4",
              "from": "mime@1.3.4",
              "resolved": "https://registry.npmjs.org/mime/-/mime-1.3.4.tgz"
            },
            "ms": {
              "version": "0.7.1",
              "from": "ms@0.7.1",
              "resolved": "https://registry.npmjs.org/ms/-/ms-0.7.1.tgz"
            },
            "statuses": {
              "version": "1.2.1",
              "from": "statuses@>=1.2.1 <1.3.0",
              "resolved": "https://registry.npmjs.org/statuses/-/statuses-1.2.1.tgz"
            }
          }
        },
        "serve-static": {
          "version": "1.10.0",
          "from": "serve-static@>=1.10.0 <1.11.0",
          "resolved": "https://registry.npmjs.org/serve-static/-/serve-static-1.10.0.tgz"
        },
        "type-is": {
          "version": "1.6.7",
          "from": "type-is@>=1.6.6 <1.7.0",
          "resolved": "https://registry.npmjs.org/type-is/-/type-is-1.6.7.tgz",
          "dependencies": {
            "media-typer": {
              "version": "0.3.0",
              "from": "media-typer@0.3.0",
              "resolved": "https://registry.npmjs.org/media-typer/-/media-typer-0.3.0.tgz"
            },
            "mime-types": {
              "version": "2.1.5",
              "from": "mime-types@>=2.1.4 <2.2.0",
              "resolved": "https://registry.npmjs.org/mime-types/-/mime-types-2.1.5.tgz",
              "dependencies": {
                "mime-db": {
                  "version": "1.17.0",
                  "from": "mime-db@>=1.17.0 <1.18.0",
                  "resolved": "https://registry.npmjs.org/mime-db/-/mime-db-1.17.0.tgz"
                }
              }
            }
          }
        },
        "utils-merge": {
          "version": "1.0.0",
          "from": "utils-merge@1.0.0",
          "resolved": "https://registry.npmjs.org/utils-merge/-/utils-merge-1.0.0.tgz"
        },
        "vary": {
          "version": "1.0.1",
          "from": "vary@>=1.0.1 <1.1.0",
          "resolved": "https://registry.npmjs.org/vary/-/vary-1.0.1.tgz"
        }
      }
    },
    "i18next": {
      "version": "1.10.4",
      "from": "i18next@latest",
      "resolved": "https://registry.npmjs.org/i18next/-/i18next-1.10.4.tgz",
      "dependencies": {
        "cookies": {
          "version": "0.5.0",
          "from": "cookies@>=0.2.2",
          "resolved": "https://registry.npmjs.org/cookies/-/cookies-0.5.0.tgz",
          "dependencies": {
            "keygrip": {
              "version": "1.0.1",
              "from": "keygrip@>=1.0.0 <1.1.0",
              "resolved": "https://registry.npmjs.org/keygrip/-/keygrip-1.0.1.tgz"
            }
          }
        },
        "i18next-client": {
          "version": "1.10.2",
          "from": "i18next-client@1.10.2",
          "resolved": "https://registry.npmjs.org/i18next-client/-/i18next-client-1.10.2.tgz"
        },
        "json5": {
          "version": "0.2.0",
          "from": "json5@>=0.2.0 <0.3.0",
          "resolved": "https://registry.npmjs.org/json5/-/json5-0.2.0.tgz"
        }
      }
    },
    "md5": {
      "version": "2.0.0",
      "from": "md5@latest",
      "resolved": "https://registry.npmjs.org/md5/-/md5-2.0.0.tgz",
      "dependencies": {
        "charenc": {
          "version": "0.0.1",
          "from": "charenc@>=0.0.1 <0.1.0",
          "resolved": "https://registry.npmjs.org/charenc/-/charenc-0.0.1.tgz"
        },
        "crypt": {
          "version": "0.0.1",
          "from": "crypt@>=0.0.1 <0.1.0",
          "resolved": "https://registry.npmjs.org/crypt/-/crypt-0.0.1.tgz"
        },
        "is-buffer": {
          "version": "1.0.2",
          "from": "is-buffer@>=1.0.2 <1.1.0",
          "resolved": "https://registry.npmjs.org/is-buffer/-/is-buffer-1.0.2.tgz"
        }
      }
    },
    "method-override": {
      "version": "2.3.5",
      "from": "method-override@latest",
      "resolved": "https://registry.npmjs.org/method-override/-/method-override-2.3.5.tgz",
      "dependencies": {
        "debug": {
          "version": "2.2.0",
          "from": "debug@>=2.2.0 <2.3.0",
          "resolved": "https://registry.npmjs.org/debug/-/debug-2.2.0.tgz",
          "dependencies": {
            "ms": {
              "version": "0.7.1",
              "from": "ms@0.7.1",
              "resolved": "https://registry.npmjs.org/ms/-/ms-0.7.1.tgz"
            }
          }
        },
        "methods": {
          "version": "1.1.1",
          "from": "methods@>=1.1.1 <1.2.0",
          "resolved": "https://registry.npmjs.org/methods/-/methods-1.1.1.tgz"
        },
        "parseurl": {
          "version": "1.3.0",
          "from": "parseurl@>=1.3.0 <1.4.0",
          "resolved": "https://registry.npmjs.org/parseurl/-/parseurl-1.3.0.tgz"
        },
        "vary": {
          "version": "1.0.1",
          "from": "vary@>=1.0.1 <1.1.0",
          "resolved": "https://registry.npmjs.org/vary/-/vary-1.0.1.tgz"
        }
      }
    },
    "newrelic": {
      "version": "1.22.0",
      "from": "newrelic@latest",
      "resolved": "https://registry.npmjs.org/newrelic/-/newrelic-1.22.0.tgz",
      "dependencies": {
        "concat-stream": {
          "version": "1.5.0",
          "from": "concat-stream@>=1.5.0 <2.0.0",
          "resolved": "https://registry.npmjs.org/concat-stream/-/concat-stream-1.5.0.tgz",
          "dependencies": {
            "inherits": {
              "version": "2.0.1",
              "from": "inherits@>=2.0.1 <2.1.0",
              "resolved": "https://registry.npmjs.org/inherits/-/inherits-2.0.1.tgz"
            },
            "typedarray": {
              "version": "0.0.6",
              "from": "typedarray@>=0.0.5 <0.1.0",
              "resolved": "https://registry.npmjs.org/typedarray/-/typedarray-0.0.6.tgz"
            },
            "readable-stream": {
              "version": "2.0.2",
              "from": "readable-stream@>=2.0.0 <2.1.0",
              "resolved": "https://registry.npmjs.org/readable-stream/-/readable-stream-2.0.2.tgz",
              "dependencies": {
                "core-util-is": {
                  "version": "1.0.1",
                  "from": "core-util-is@>=1.0.0 <1.1.0",
                  "resolved": "https://registry.npmjs.org/core-util-is/-/core-util-is-1.0.1.tgz"
                },
                "isarray": {
                  "version": "0.0.1",
                  "from": "isarray@0.0.1",
                  "resolved": "https://registry.npmjs.org/isarray/-/isarray-0.0.1.tgz"
                },
                "process-nextick-args": {
                  "version": "1.0.2",
                  "from": "process-nextick-args@>=1.0.0 <1.1.0",
                  "resolved": "https://registry.npmjs.org/process-nextick-args/-/process-nextick-args-1.0.2.tgz"
                },
                "string_decoder": {
                  "version": "0.10.31",
                  "from": "string_decoder@>=0.10.0 <0.11.0",
                  "resolved": "https://registry.npmjs.org/string_decoder/-/string_decoder-0.10.31.tgz"
                },
                "util-deprecate": {
                  "version": "1.0.1",
                  "from": "util-deprecate@>=1.0.1 <1.1.0",
                  "resolved": "https://registry.npmjs.org/util-deprecate/-/util-deprecate-1.0.1.tgz"
                }
              }
            }
          }
        },
        "https-proxy-agent": {
          "version": "0.3.6",
          "from": "https-proxy-agent@>=0.3.5 <0.4.0",
          "resolved": "https://registry.npmjs.org/https-proxy-agent/-/https-proxy-agent-0.3.6.tgz",
          "dependencies": {
            "agent-base": {
              "version": "1.0.2",
              "from": "agent-base@>=1.0.1 <1.1.0",
              "resolved": "https://registry.npmjs.org/agent-base/-/agent-base-1.0.2.tgz"
            },
            "debug": {
              "version": "2.2.0",
              "from": "debug@>=2.0.0 <3.0.0",
              "resolved": "https://registry.npmjs.org/debug/-/debug-2.2.0.tgz",
              "dependencies": {
                "ms": {
                  "version": "0.7.1",
                  "from": "ms@0.7.1",
                  "resolved": "https://registry.npmjs.org/ms/-/ms-0.7.1.tgz"
                }
              }
            },
            "extend": {
              "version": "3.0.0",
              "from": "extend@>=3.0.0 <4.0.0",
              "resolved": "https://registry.npmjs.org/extend/-/extend-3.0.0.tgz"
            }
          }
        },
        "json-stringify-safe": {
          "version": "5.0.1",
          "from": "json-stringify-safe@>=5.0.0 <6.0.0",
          "resolved": "https://registry.npmjs.org/json-stringify-safe/-/json-stringify-safe-5.0.1.tgz"
        },
        "readable-stream": {
          "version": "1.1.13",
          "from": "readable-stream@>=1.1.13 <2.0.0",
          "resolved": "https://registry.npmjs.org/readable-stream/-/readable-stream-1.1.13.tgz",
          "dependencies": {
            "core-util-is": {
              "version": "1.0.1",
              "from": "core-util-is@>=1.0.0 <1.1.0",
              "resolved": "https://registry.npmjs.org/core-util-is/-/core-util-is-1.0.1.tgz"
            },
            "isarray": {
              "version": "0.0.1",
              "from": "isarray@0.0.1",
              "resolved": "https://registry.npmjs.org/isarray/-/isarray-0.0.1.tgz"
            },
            "string_decoder": {
              "version": "0.10.31",
              "from": "string_decoder@>=0.10.0 <0.11.0",
              "resolved": "https://registry.npmjs.org/string_decoder/-/string_decoder-0.10.31.tgz"
            },
            "inherits": {
              "version": "2.0.1",
              "from": "inherits@>=2.0.1 <2.1.0",
              "resolved": "https://registry.npmjs.org/inherits/-/inherits-2.0.1.tgz"
            }
          }
        },
        "semver": {
          "version": "4.3.6",
          "from": "semver@>=4.2.0 <5.0.0",
          "resolved": "https://registry.npmjs.org/semver/-/semver-4.3.6.tgz"
        },
        "yakaa": {
          "version": "1.0.1",
          "from": "yakaa@>=1.0.1 <2.0.0",
          "resolved": "https://registry.npmjs.org/yakaa/-/yakaa-1.0.1.tgz"
        }
      }
    },
    "request": {
      "version": "2.61.0",
      "from": "request@latest",
      "resolved": "https://registry.npmjs.org/request/-/request-2.61.0.tgz",
      "dependencies": {
        "bl": {
          "version": "1.0.0",
          "from": "bl@>=1.0.0 <1.1.0",
          "resolved": "https://registry.npmjs.org/bl/-/bl-1.0.0.tgz",
          "dependencies": {
            "readable-stream": {
              "version": "2.0.2",
              "from": "readable-stream@>=2.0.0 <2.1.0",
              "resolved": "https://registry.npmjs.org/readable-stream/-/readable-stream-2.0.2.tgz",
              "dependencies": {
                "core-util-is": {
                  "version": "1.0.1",
                  "from": "core-util-is@>=1.0.0 <1.1.0",
                  "resolved": "https://registry.npmjs.org/core-util-is/-/core-util-is-1.0.1.tgz"
                },
                "inherits": {
                  "version": "2.0.1",
                  "from": "inherits@>=2.0.1 <2.1.0",
                  "resolved": "https://registry.npmjs.org/inherits/-/inherits-2.0.1.tgz"
                },
                "isarray": {
                  "version": "0.0.1",
                  "from": "isarray@0.0.1",
                  "resolved": "https://registry.npmjs.org/isarray/-/isarray-0.0.1.tgz"
                },
                "process-nextick-args": {
                  "version": "1.0.2",
                  "from": "process-nextick-args@>=1.0.0 <1.1.0",
                  "resolved": "https://registry.npmjs.org/process-nextick-args/-/process-nextick-args-1.0.2.tgz"
                },
                "string_decoder": {
                  "version": "0.10.31",
                  "from": "string_decoder@>=0.10.0 <0.11.0",
                  "resolved": "https://registry.npmjs.org/string_decoder/-/string_decoder-0.10.31.tgz"
                },
                "util-deprecate": {
                  "version": "1.0.1",
                  "from": "util-deprecate@>=1.0.1 <1.1.0",
                  "resolved": "https://registry.npmjs.org/util-deprecate/-/util-deprecate-1.0.1.tgz"
                }
              }
            }
          }
        },
        "caseless": {
          "version": "0.11.0",
          "from": "caseless@>=0.11.0 <0.12.0",
          "resolved": "https://registry.npmjs.org/caseless/-/caseless-0.11.0.tgz"
        },
        "extend": {
          "version": "3.0.0",
          "from": "extend@>=3.0.0 <3.1.0",
          "resolved": "https://registry.npmjs.org/extend/-/extend-3.0.0.tgz"
        },
        "forever-agent": {
          "version": "0.6.1",
          "from": "forever-agent@>=0.6.0 <0.7.0",
          "resolved": "https://registry.npmjs.org/forever-agent/-/forever-agent-0.6.1.tgz"
        },
        "form-data": {
          "version": "1.0.0-rc3",
          "from": "form-data@>=1.0.0-rc1 <1.1.0",
          "resolved": "https://registry.npmjs.org/form-data/-/form-data-1.0.0-rc3.tgz",
          "dependencies": {
            "async": {
              "version": "1.4.2",
              "from": "async@>=1.4.0 <2.0.0",
              "resolved": "https://registry.npmjs.org/async/-/async-1.4.2.tgz"
            }
          }
        },
        "json-stringify-safe": {
          "version": "5.0.1",
          "from": "json-stringify-safe@>=5.0.0 <5.1.0",
          "resolved": "https://registry.npmjs.org/json-stringify-safe/-/json-stringify-safe-5.0.1.tgz"
        },
        "mime-types": {
          "version": "2.1.5",
          "from": "mime-types@>=2.1.5 <2.2.0",
          "resolved": "https://registry.npmjs.org/mime-types/-/mime-types-2.1.5.tgz",
          "dependencies": {
            "mime-db": {
              "version": "1.17.0",
              "from": "mime-db@>=1.17.0 <1.18.0",
              "resolved": "https://registry.npmjs.org/mime-db/-/mime-db-1.17.0.tgz"
            }
          }
        },
        "node-uuid": {
          "version": "1.4.3",
          "from": "node-uuid@>=1.4.0 <1.5.0",
          "resolved": "https://registry.npmjs.org/node-uuid/-/node-uuid-1.4.3.tgz"
        },
        "qs": {
          "version": "4.0.0",
          "from": "qs@>=4.0.0 <4.1.0",
          "resolved": "https://registry.npmjs.org/qs/-/qs-4.0.0.tgz"
        },
        "tunnel-agent": {
          "version": "0.4.1",
          "from": "tunnel-agent@>=0.4.0 <0.5.0",
          "resolved": "https://registry.npmjs.org/tunnel-agent/-/tunnel-agent-0.4.1.tgz"
        },
        "tough-cookie": {
          "version": "2.0.0",
          "from": "tough-cookie@>=0.12.0",
          "resolved": "https://registry.npmjs.org/tough-cookie/-/tough-cookie-2.0.0.tgz"
        },
        "http-signature": {
          "version": "0.11.0",
          "from": "http-signature@>=0.11.0 <0.12.0",
          "resolved": "https://registry.npmjs.org/http-signature/-/http-signature-0.11.0.tgz",
          "dependencies": {
            "assert-plus": {
              "version": "0.1.5",
              "from": "assert-plus@>=0.1.5 <0.2.0",
              "resolved": "https://registry.npmjs.org/assert-plus/-/assert-plus-0.1.5.tgz"
            },
            "asn1": {
              "version": "0.1.11",
              "from": "asn1@0.1.11",
              "resolved": "https://registry.npmjs.org/asn1/-/asn1-0.1.11.tgz"
            },
            "ctype": {
              "version": "0.5.3",
              "from": "ctype@0.5.3",
              "resolved": "https://registry.npmjs.org/ctype/-/ctype-0.5.3.tgz"
            }
          }
        },
        "oauth-sign": {
          "version": "0.8.0",
          "from": "oauth-sign@>=0.8.0 <0.9.0",
          "resolved": "https://registry.npmjs.org/oauth-sign/-/oauth-sign-0.8.0.tgz"
        },
        "hawk": {
          "version": "3.1.0",
          "from": "hawk@>=3.1.0 <3.2.0",
          "resolved": "https://registry.npmjs.org/hawk/-/hawk-3.1.0.tgz",
          "dependencies": {
            "hoek": {
              "version": "2.14.0",
              "from": "hoek@>=2.0.0 <3.0.0",
              "resolved": "https://registry.npmjs.org/hoek/-/hoek-2.14.0.tgz"
            },
            "boom": {
              "version": "2.8.0",
              "from": "boom@>=2.8.0 <3.0.0",
              "resolved": "https://registry.npmjs.org/boom/-/boom-2.8.0.tgz"
            },
            "cryptiles": {
              "version": "2.0.4",
              "from": "cryptiles@>=2.0.0 <3.0.0",
              "resolved": "https://registry.npmjs.org/cryptiles/-/cryptiles-2.0.4.tgz"
            },
            "sntp": {
              "version": "1.0.9",
              "from": "sntp@>=1.0.0 <2.0.0",
              "resolved": "https://registry.npmjs.org/sntp/-/sntp-1.0.9.tgz"
            }
          }
        },
        "aws-sign2": {
          "version": "0.5.0",
          "from": "aws-sign2@>=0.5.0 <0.6.0",
          "resolved": "https://registry.npmjs.org/aws-sign2/-/aws-sign2-0.5.0.tgz"
        },
        "stringstream": {
          "version": "0.0.4",
          "from": "stringstream@>=0.0.4 <0.1.0",
          "resolved": "https://registry.npmjs.org/stringstream/-/stringstream-0.0.4.tgz"
        },
        "combined-stream": {
          "version": "1.0.5",
          "from": "combined-stream@>=1.0.1 <1.1.0",
          "resolved": "https://registry.npmjs.org/combined-stream/-/combined-stream-1.0.5.tgz",
          "dependencies": {
            "delayed-stream": {
              "version": "1.0.0",
              "from": "delayed-stream@>=1.0.0 <1.1.0",
              "resolved": "https://registry.npmjs.org/delayed-stream/-/delayed-stream-1.0.0.tgz"
            }
          }
        },
        "isstream": {
          "version": "0.1.2",
          "from": "isstream@>=0.1.1 <0.2.0",
          "resolved": "https://registry.npmjs.org/isstream/-/isstream-0.1.2.tgz"
        },
        "har-validator": {
          "version": "1.8.0",
          "from": "har-validator@>=1.6.1 <2.0.0",
          "resolved": "https://registry.npmjs.org/har-validator/-/har-validator-1.8.0.tgz",
          "dependencies": {
            "bluebird": {
              "version": "2.9.34",
              "from": "bluebird@>=2.9.30 <3.0.0",
              "resolved": "https://registry.npmjs.org/bluebird/-/bluebird-2.9.34.tgz"
            },
            "chalk": {
              "version": "1.1.1",
              "from": "chalk@>=1.0.0 <2.0.0",
              "resolved": "https://registry.npmjs.org/chalk/-/chalk-1.1.1.tgz",
              "dependencies": {
                "ansi-styles": {
                  "version": "2.1.0",
                  "from": "ansi-styles@>=2.1.0 <3.0.0",
                  "resolved": "https://registry.npmjs.org/ansi-styles/-/ansi-styles-2.1.0.tgz"
                },
                "escape-string-regexp": {
                  "version": "1.0.3",
                  "from": "escape-string-regexp@>=1.0.2 <2.0.0",
                  "resolved": "https://registry.npmjs.org/escape-string-regexp/-/escape-string-regexp-1.0.3.tgz"
                },
                "has-ansi": {
                  "version": "2.0.0",
                  "from": "has-ansi@>=2.0.0 <3.0.0",
                  "resolved": "https://registry.npmjs.org/has-ansi/-/has-ansi-2.0.0.tgz",
                  "dependencies": {
                    "ansi-regex": {
                      "version": "2.0.0",
                      "from": "ansi-regex@>=2.0.0 <3.0.0",
                      "resolved": "https://registry.npmjs.org/ansi-regex/-/ansi-regex-2.0.0.tgz"
                    }
                  }
                },
                "strip-ansi": {
                  "version": "3.0.0",
                  "from": "strip-ansi@>=3.0.0 <4.0.0",
                  "resolved": "https://registry.npmjs.org/strip-ansi/-/strip-ansi-3.0.0.tgz",
                  "dependencies": {
                    "ansi-regex": {
                      "version": "2.0.0",
                      "from": "ansi-regex@>=2.0.0 <3.0.0",
                      "resolved": "https://registry.npmjs.org/ansi-regex/-/ansi-regex-2.0.0.tgz"
                    }
                  }
                },
                "supports-color": {
                  "version": "2.0.0",
                  "from": "supports-color@>=2.0.0 <3.0.0",
                  "resolved": "https://registry.npmjs.org/supports-color/-/supports-color-2.0.0.tgz"
                }
              }
            },
            "commander": {
              "version": "2.8.1",
              "from": "commander@>=2.8.1 <3.0.0",
              "resolved": "https://registry.npmjs.org/commander/-/commander-2.8.1.tgz",
              "dependencies": {
                "graceful-readlink": {
                  "version": "1.0.1",
                  "from": "graceful-readlink@>=1.0.0",
                  "resolved": "https://registry.npmjs.org/graceful-readlink/-/graceful-readlink-1.0.1.tgz"
                }
              }
            },
            "is-my-json-valid": {
              "version": "2.12.1",
              "from": "is-my-json-valid@>=2.12.0 <3.0.0",
              "resolved": "https://registry.npmjs.org/is-my-json-valid/-/is-my-json-valid-2.12.1.tgz",
              "dependencies": {
                "generate-function": {
                  "version": "2.0.0",
                  "from": "generate-function@>=2.0.0 <3.0.0",
                  "resolved": "https://registry.npmjs.org/generate-function/-/generate-function-2.0.0.tgz"
                },
                "generate-object-property": {
                  "version": "1.2.0",
                  "from": "generate-object-property@>=1.1.0 <2.0.0",
                  "resolved": "https://registry.npmjs.org/generate-object-property/-/generate-object-property-1.2.0.tgz",
                  "dependencies": {
                    "is-property": {
                      "version": "1.0.2",
                      "from": "is-property@>=1.0.0 <2.0.0",
                      "resolved": "https://registry.npmjs.org/is-property/-/is-property-1.0.2.tgz"
                    }
                  }
                },
                "jsonpointer": {
                  "version": "1.1.0",
                  "from": "jsonpointer@>=1.1.0 <2.0.0",
                  "resolved": "https://registry.npmjs.org/jsonpointer/-/jsonpointer-1.1.0.tgz"
                },
                "xtend": {
                  "version": "4.0.0",
                  "from": "xtend@>=4.0.0 <5.0.0",
                  "resolved": "https://registry.npmjs.org/xtend/-/xtend-4.0.0.tgz"
                }
              }
            }
          }
        }
      }
    },
    "sanitizer": {
      "version": "0.1.2",
      "from": "sanitizer@latest",
      "resolved": "https://registry.npmjs.org/sanitizer/-/sanitizer-0.1.2.tgz"
    },
    "underscore": {
      "version": "1.8.3",
      "from": "underscore@latest",
      "resolved": "https://registry.npmjs.org/underscore/-/underscore-1.8.3.tgz"
    },
    "xml-escape": {
      "version": "1.0.0",
      "from": "xml-escape@latest",
      "resolved": "https://registry.npmjs.org/xml-escape/-/xml-escape-1.0.0.tgz"
    }
  }
}
